
Microsoft Visual Studio Solution File, Format Version 12.00
# Visual Studio 2013
VisualStudioVersion = 12.0.31101.0
MinimumVisualStudioVersion = 10.0.40219.1
Project("{FAE04EC0-301F-11D3-BF4B-00C04F79EFBC}") = "RandomPassGen", "RandomPassGen\RandomPassGen.csproj", "{830FDE41-FD84-48BA-AE33-900962168A50}"
EndProject
Project("{FAE04EC0-301F-11D3-BF4B-00C04F79EFBC}") = "30digitsOfPi", "30digitsOfPi\30digitsOfPi.csproj", "{E55945BF-4982-4F0D-8FE8-800A1E8A2C7E}"
EndProject
Project("{FAE04EC0-301F-11D3-BF4B-00C04F79EFBC}") = "BlockReverse", "BlockReverse\BlockReverse.csproj", "{F795EAEF-4067-4905-9F17-ADBE9B9D586C}"
EndProject
Project("{FAE04EC0-301F-11D3-BF4B-00C04F79EFBC}") = "SameDigits", "SameDigits\SameDigits.csproj", "{26DE0473-A226-4442-8A09-A73D0E5156D7}"
EndProject
Project("{FAE04EC0-301F-11D3-BF4B-00C04F79EFBC}") = "GuessLettersGame", "GuessLettersGame\GuessLettersGame.csproj", "{C924412D-6829-4774-B9C2-C8884CC51778}"
EndProject
Project("{FAE04EC0-301F-11D3-BF4B-00C04F79EFBC}") = "Disemvoweler", "Disemvoweler\Disemvoweler.csproj", "{EB4489B9-69E2-4A43-A9EC-AD57AF2C398D}"
EndProject
Project("{FAE04EC0-301F-11D3-BF4B-00C04F79EFBC}") = "AvatarGenerator", "AvatarGenerator\AvatarGenerator.csproj", "{8C94BCA0-A498-4C1E-B66B-17B2E15C0A35}"
EndProject
Project("{FAE04EC0-301F-11D3-BF4B-00C04F79EFBC}") = "EulerProblem1", "EulerProblem1\EulerProblem1.csproj", "{DF9AE595-3CDB-425F-B36C-13477F655F9B}"
EndProject
Project("{FAE04EC0-301F-11D3-BF4B-00C04F79EFBC}") = "EulerProblem2", "EulerProblem2\EulerProblem2.csproj", "{1ECA1DA0-9096-4554-B600-0A2AB6E599BE}"
EndProject
Project("{FAE04EC0-301F-11D3-BF4B-00C04F79EFBC}") = "EulerProblem3", "EulerProblem3\EulerProblem3.csproj", "{9A6B632A-DF50-4693-8AF3-8441A5AA8C7D}"
EndProject
Project("{FAE04EC0-301F-11D3-BF4B-00C04F79EFBC}") = "NeumannRandNumGen", "NeumannRandNumGen\NeumannRandNumGen.csproj", "{FC3D376D-C8A3-4336-BE1D-044C9F106FFE}"
EndProject
Project("{FAE04EC0-301F-11D3-BF4B-00C04F79EFBC}") = "RANDU", "RANDU\RANDU.csproj", "{04F1C426-2303-4EAA-88A5-20E470D26326}"
EndProject
Project("{FAE04EC0-301F-11D3-BF4B-00C04F79EFBC}") = "ReversePolishCalculator", "ReversePolishCalculator\ReversePolishCalculator.csproj", "{5791A159-E060-4ABD-A287-92CB4A5A5DBF}"
EndProject
Project("{FAE04EC0-301F-11D3-BF4B-00C04F79EFBC}") = "LookNSay", "LookNSay\LookNSay.csproj", "{F3BFD397-66F5-4DE4-A1D0-8888A9AFA956}"
EndProject
Project("{FAE04EC0-301F-11D3-BF4B-00C04F79EFBC}") = "StringNoDuplicates", "StringNoDuplicates\StringNoDuplicates.csproj", "{6F5D50EA-59B6-44C1-B853-E5E4F7F211C4}"
EndProject
Project("{FAE04EC0-301F-11D3-BF4B-00C04F79EFBC}") = "CenturyAndLeapYear", "CenturyAndLeapYear\CenturyAndLeapYear.csproj", "{B29AD5A0-9F82-4D00-82F9-96BBDA3701FD}"
EndProject
Project("{2150E333-8FDC-42A3-9474-1A3956D46DE8}") = "Euler", "Euler", "{EAED6E23-A2E5-44E3-AF1D-17288934403E}"
EndProject
Project("{2150E333-8FDC-42A3-9474-1A3956D46DE8}") = "ProgrammingPraxis", "ProgrammingPraxis", "{A638F4C8-86DB-4CB9-96AE-E35A61A8C45A}"
EndProject
Project("{2150E333-8FDC-42A3-9474-1A3956D46DE8}") = "DailyProgrammer", "DailyProgrammer", "{743FDD8C-D47E-48FD-BCF8-84F04CF5A9AB}"
EndProject
Project("{2150E333-8FDC-42A3-9474-1A3956D46DE8}") = "Excersises", "Excersises", "{5211D3A0-EC45-4873-B851-B071124000CE}"
EndProject
Project("{8BC9CEB8-8B4A-11D0-8D11-00A0C91BC942}") = "InsertionSort", "InsertionSort\InsertionSort.vcxproj", "{4A463AE8-120C-4414-A8CD-A066F6370FAC}"
EndProject
Project("{8BC9CEB8-8B4A-11D0-8D11-00A0C91BC942}") = "BreadthFirstSearch", "BreadthFirstSearch\BreadthFirstSearch.vcxproj", "{ACD9A48C-E6E6-4543-8059-7485CDE90DBD}"
EndProject
Global
	GlobalSection(SolutionConfigurationPlatforms) = preSolution
		Debug|Any CPU = Debug|Any CPU
		Debug|Mixed Platforms = Debug|Mixed Platforms
		Debug|Win32 = Debug|Win32
		Release|Any CPU = Release|Any CPU
		Release|Mixed Platforms = Release|Mixed Platforms
		Release|Win32 = Release|Win32
	EndGlobalSection
	GlobalSection(ProjectConfigurationPlatforms) = postSolution
		{830FDE41-FD84-48BA-AE33-900962168A50}.Debug|Any CPU.ActiveCfg = Debug|Any CPU
		{830FDE41-FD84-48BA-AE33-900962168A50}.Debug|Any CPU.Build.0 = Debug|Any CPU
		{830FDE41-FD84-48BA-AE33-900962168A50}.Debug|Mixed Platforms.ActiveCfg = Debug|Any CPU
		{830FDE41-FD84-48BA-AE33-900962168A50}.Debug|Mixed Platforms.Build.0 = Debug|Any CPU
		{830FDE41-FD84-48BA-AE33-900962168A50}.Debug|Win32.ActiveCfg = Debug|Any CPU
		{830FDE41-FD84-48BA-AE33-900962168A50}.Release|Any CPU.ActiveCfg = Release|Any CPU
		{830FDE41-FD84-48BA-AE33-900962168A50}.Release|Any CPU.Build.0 = Release|Any CPU
		{830FDE41-FD84-48BA-AE33-900962168A50}.Release|Mixed Platforms.ActiveCfg = Release|Any CPU
		{830FDE41-FD84-48BA-AE33-900962168A50}.Release|Mixed Platforms.Build.0 = Release|Any CPU
		{830FDE41-FD84-48BA-AE33-900962168A50}.Release|Win32.ActiveCfg = Release|Any CPU
		{E55945BF-4982-4F0D-8FE8-800A1E8A2C7E}.Debug|Any CPU.ActiveCfg = Debug|Any CPU
		{E55945BF-4982-4F0D-8FE8-800A1E8A2C7E}.Debug|Any CPU.Build.0 = Debug|Any CPU
		{E55945BF-4982-4F0D-8FE8-800A1E8A2C7E}.Debug|Mixed Platforms.ActiveCfg = Debug|Any CPU
		{E55945BF-4982-4F0D-8FE8-800A1E8A2C7E}.Debug|Mixed Platforms.Build.0 = Debug|Any CPU
		{E55945BF-4982-4F0D-8FE8-800A1E8A2C7E}.Debug|Win32.ActiveCfg = Debug|Any CPU
		{E55945BF-4982-4F0D-8FE8-800A1E8A2C7E}.Release|Any CPU.ActiveCfg = Release|Any CPU
		{E55945BF-4982-4F0D-8FE8-800A1E8A2C7E}.Release|Any CPU.Build.0 = Release|Any CPU
		{E55945BF-4982-4F0D-8FE8-800A1E8A2C7E}.Release|Mixed Platforms.ActiveCfg = Release|Any CPU
		{E55945BF-4982-4F0D-8FE8-800A1E8A2C7E}.Release|Mixed Platforms.Build.0 = Release|Any CPU
		{E55945BF-4982-4F0D-8FE8-800A1E8A2C7E}.Release|Win32.ActiveCfg = Release|Any CPU
		{F795EAEF-4067-4905-9F17-ADBE9B9D586C}.Debug|Any CPU.ActiveCfg = Debug|Any CPU
		{F795EAEF-4067-4905-9F17-ADBE9B9D586C}.Debug|Any CPU.Build.0 = Debug|Any CPU
		{F795EAEF-4067-4905-9F17-ADBE9B9D586C}.Debug|Mixed Platforms.ActiveCfg = Debug|Any CPU
		{F795EAEF-4067-4905-9F17-ADBE9B9D586C}.Debug|Mixed Platforms.Build.0 = Debug|Any CPU
		{F795EAEF-4067-4905-9F17-ADBE9B9D586C}.Debug|Win32.ActiveCfg = Debug|Any CPU
		{F795EAEF-4067-4905-9F17-ADBE9B9D586C}.Release|Any CPU.ActiveCfg = Release|Any CPU
		{F795EAEF-4067-4905-9F17-ADBE9B9D586C}.Release|Any CPU.Build.0 = Release|Any CPU
		{F795EAEF-4067-4905-9F17-ADBE9B9D586C}.Release|Mixed Platforms.ActiveCfg = Release|Any CPU
		{F795EAEF-4067-4905-9F17-ADBE9B9D586C}.Release|Mixed Platforms.Build.0 = Release|Any CPU
		{F795EAEF-4067-4905-9F17-ADBE9B9D586C}.Release|Win32.ActiveCfg = Release|Any CPU
		{26DE0473-A226-4442-8A09-A73D0E5156D7}.Debug|Any CPU.ActiveCfg = Debug|Any CPU
		{26DE0473-A226-4442-8A09-A73D0E5156D7}.Debug|Any CPU.Build.0 = Debug|Any CPU
		{26DE0473-A226-4442-8A09-A73D0E5156D7}.Debug|Mixed Platforms.ActiveCfg = Debug|Any CPU
		{26DE0473-A226-4442-8A09-A73D0E5156D7}.Debug|Mixed Platforms.Build.0 = Debug|Any CPU
		{26DE0473-A226-4442-8A09-A73D0E5156D7}.Debug|Win32.ActiveCfg = Debug|Any CPU
		{26DE0473-A226-4442-8A09-A73D0E5156D7}.Release|Any CPU.ActiveCfg = Release|Any CPU
		{26DE0473-A226-4442-8A09-A73D0E5156D7}.Release|Any CPU.Build.0 = Release|Any CPU
		{26DE0473-A226-4442-8A09-A73D0E5156D7}.Release|Mixed Platforms.ActiveCfg = Release|Any CPU
		{26DE0473-A226-4442-8A09-A73D0E5156D7}.Release|Mixed Platforms.Build.0 = Release|Any CPU
		{26DE0473-A226-4442-8A09-A73D0E5156D7}.Release|Win32.ActiveCfg = Release|Any CPU
		{C924412D-6829-4774-B9C2-C8884CC51778}.Debug|Any CPU.ActiveCfg = Debug|Any CPU
		{C924412D-6829-4774-B9C2-C8884CC51778}.Debug|Any CPU.Build.0 = Debug|Any CPU
		{C924412D-6829-4774-B9C2-C8884CC51778}.Debug|Mixed Platforms.ActiveCfg = Debug|Any CPU
		{C924412D-6829-4774-B9C2-C8884CC51778}.Debug|Mixed Platforms.Build.0 = Debug|Any CPU
		{C924412D-6829-4774-B9C2-C8884CC51778}.Debug|Win32.ActiveCfg = Debug|Any CPU
		{C924412D-6829-4774-B9C2-C8884CC51778}.Release|Any CPU.ActiveCfg = Release|Any CPU
		{C924412D-6829-4774-B9C2-C8884CC51778}.Release|Any CPU.Build.0 = Release|Any CPU
		{C924412D-6829-4774-B9C2-C8884CC51778}.Release|Mixed Platforms.ActiveCfg = Release|Any CPU
		{C924412D-6829-4774-B9C2-C8884CC51778}.Release|Mixed Platforms.Build.0 = Release|Any CPU
		{C924412D-6829-4774-B9C2-C8884CC51778}.Release|Win32.ActiveCfg = Release|Any CPU
		{EB4489B9-69E2-4A43-A9EC-AD57AF2C398D}.Debug|Any CPU.ActiveCfg = Debug|Any CPU
		{EB4489B9-69E2-4A43-A9EC-AD57AF2C398D}.Debug|Any CPU.Build.0 = Debug|Any CPU
		{EB4489B9-69E2-4A43-A9EC-AD57AF2C398D}.Debug|Mixed Platforms.ActiveCfg = Debug|Any CPU
		{EB4489B9-69E2-4A43-A9EC-AD57AF2C398D}.Debug|Mixed Platforms.Build.0 = Debug|Any CPU
		{EB4489B9-69E2-4A43-A9EC-AD57AF2C398D}.Debug|Win32.ActiveCfg = Debug|Any CPU
		{EB4489B9-69E2-4A43-A9EC-AD57AF2C398D}.Release|Any CPU.ActiveCfg = Release|Any CPU
		{EB4489B9-69E2-4A43-A9EC-AD57AF2C398D}.Release|Any CPU.Build.0 = Release|Any CPU
		{EB4489B9-69E2-4A43-A9EC-AD57AF2C398D}.Release|Mixed Platforms.ActiveCfg = Release|Any CPU
		{EB4489B9-69E2-4A43-A9EC-AD57AF2C398D}.Release|Mixed Platforms.Build.0 = Release|Any CPU
		{EB4489B9-69E2-4A43-A9EC-AD57AF2C398D}.Release|Win32.ActiveCfg = Release|Any CPU
		{8C94BCA0-A498-4C1E-B66B-17B2E15C0A35}.Debug|Any CPU.ActiveCfg = Debug|Any CPU
		{8C94BCA0-A498-4C1E-B66B-17B2E15C0A35}.Debug|Any CPU.Build.0 = Debug|Any CPU
		{8C94BCA0-A498-4C1E-B66B-17B2E15C0A35}.Debug|Mixed Platforms.ActiveCfg = Debug|Any CPU
		{8C94BCA0-A498-4C1E-B66B-17B2E15C0A35}.Debug|Mixed Platforms.Build.0 = Debug|Any CPU
		{8C94BCA0-A498-4C1E-B66B-17B2E15C0A35}.Debug|Win32.ActiveCfg = Debug|Any CPU
		{8C94BCA0-A498-4C1E-B66B-17B2E15C0A35}.Release|Any CPU.ActiveCfg = Release|Any CPU
		{8C94BCA0-A498-4C1E-B66B-17B2E15C0A35}.Release|Any CPU.Build.0 = Release|Any CPU
		{8C94BCA0-A498-4C1E-B66B-17B2E15C0A35}.Release|Mixed Platforms.ActiveCfg = Release|Any CPU
		{8C94BCA0-A498-4C1E-B66B-17B2E15C0A35}.Release|Mixed Platforms.Build.0 = Release|Any CPU
		{8C94BCA0-A498-4C1E-B66B-17B2E15C0A35}.Release|Win32.ActiveCfg = Release|Any CPU
		{DF9AE595-3CDB-425F-B36C-13477F655F9B}.Debug|Any CPU.ActiveCfg = Debug|Any CPU
		{DF9AE595-3CDB-425F-B36C-13477F655F9B}.Debug|Any CPU.Build.0 = Debug|Any CPU
		{DF9AE595-3CDB-425F-B36C-13477F655F9B}.Debug|Mixed Platforms.ActiveCfg = Debug|Any CPU
		{DF9AE595-3CDB-425F-B36C-13477F655F9B}.Debug|Mixed Platforms.Build.0 = Debug|Any CPU
		{DF9AE595-3CDB-425F-B36C-13477F655F9B}.Debug|Win32.ActiveCfg = Debug|Any CPU
		{DF9AE595-3CDB-425F-B36C-13477F655F9B}.Release|Any CPU.ActiveCfg = Release|Any CPU
		{DF9AE595-3CDB-425F-B36C-13477F655F9B}.Release|Any CPU.Build.0 = Release|Any CPU
		{DF9AE595-3CDB-425F-B36C-13477F655F9B}.Release|Mixed Platforms.ActiveCfg = Release|Any CPU
		{DF9AE595-3CDB-425F-B36C-13477F655F9B}.Release|Mixed Platforms.Build.0 = Release|Any CPU
		{DF9AE595-3CDB-425F-B36C-13477F655F9B}.Release|Win32.ActiveCfg = Release|Any CPU
		{1ECA1DA0-9096-4554-B600-0A2AB6E599BE}.Debug|Any CPU.ActiveCfg = Debug|Any CPU
		{1ECA1DA0-9096-4554-B600-0A2AB6E599BE}.Debug|Any CPU.Build.0 = Debug|Any CPU
		{1ECA1DA0-9096-4554-B600-0A2AB6E599BE}.Debug|Mixed Platforms.ActiveCfg = Debug|Any CPU
		{1ECA1DA0-9096-4554-B600-0A2AB6E599BE}.Debug|Mixed Platforms.Build.0 = Debug|Any CPU
		{1ECA1DA0-9096-4554-B600-0A2AB6E599BE}.Debug|Win32.ActiveCfg = Debug|Any CPU
		{1ECA1DA0-9096-4554-B600-0A2AB6E599BE}.Release|Any CPU.ActiveCfg = Release|Any CPU
		{1ECA1DA0-9096-4554-B600-0A2AB6E599BE}.Release|Any CPU.Build.0 = Release|Any CPU
		{1ECA1DA0-9096-4554-B600-0A2AB6E599BE}.Release|Mixed Platforms.ActiveCfg = Release|Any CPU
		{1ECA1DA0-9096-4554-B600-0A2AB6E599BE}.Release|Mixed Platforms.Build.0 = Release|Any CPU
		{1ECA1DA0-9096-4554-B600-0A2AB6E599BE}.Release|Win32.ActiveCfg = Release|Any CPU
		{9A6B632A-DF50-4693-8AF3-8441A5AA8C7D}.Debug|Any CPU.ActiveCfg = Debug|Any CPU
		{9A6B632A-DF50-4693-8AF3-8441A5AA8C7D}.Debug|Any CPU.Build.0 = Debug|Any CPU
		{9A6B632A-DF50-4693-8AF3-8441A5AA8C7D}.Debug|Mixed Platforms.ActiveCfg = Debug|Any CPU
		{9A6B632A-DF50-4693-8AF3-8441A5AA8C7D}.Debug|Mixed Platforms.Build.0 = Debug|Any CPU
		{9A6B632A-DF50-4693-8AF3-8441A5AA8C7D}.Debug|Win32.ActiveCfg = Debug|Any CPU
		{9A6B632A-DF50-4693-8AF3-8441A5AA8C7D}.Release|Any CPU.ActiveCfg = Release|Any CPU
		{9A6B632A-DF50-4693-8AF3-8441A5AA8C7D}.Release|Any CPU.Build.0 = Release|Any CPU
		{9A6B632A-DF50-4693-8AF3-8441A5AA8C7D}.Release|Mixed Platforms.ActiveCfg = Release|Any CPU
		{9A6B632A-DF50-4693-8AF3-8441A5AA8C7D}.Release|Mixed Platforms.Build.0 = Release|Any CPU
		{9A6B632A-DF50-4693-8AF3-8441A5AA8C7D}.Release|Win32.ActiveCfg = Release|Any CPU
		{FC3D376D-C8A3-4336-BE1D-044C9F106FFE}.Debug|Any CPU.ActiveCfg = Debug|Any CPU
		{FC3D376D-C8A3-4336-BE1D-044C9F106FFE}.Debug|Any CPU.Build.0 = Debug|Any CPU
		{FC3D376D-C8A3-4336-BE1D-044C9F106FFE}.Debug|Mixed Platforms.ActiveCfg = Debug|Any CPU
		{FC3D376D-C8A3-4336-BE1D-044C9F106FFE}.Debug|Mixed Platforms.Build.0 = Debug|Any CPU
		{FC3D376D-C8A3-4336-BE1D-044C9F106FFE}.Debug|Win32.ActiveCfg = Debug|Any CPU
		{FC3D376D-C8A3-4336-BE1D-044C9F106FFE}.Release|Any CPU.ActiveCfg = Release|Any CPU
		{FC3D376D-C8A3-4336-BE1D-044C9F106FFE}.Release|Any CPU.Build.0 = Release|Any CPU
		{FC3D376D-C8A3-4336-BE1D-044C9F106FFE}.Release|Mixed Platforms.ActiveCfg = Release|Any CPU
		{FC3D376D-C8A3-4336-BE1D-044C9F106FFE}.Release|Mixed Platforms.Build.0 = Release|Any CPU
		{FC3D376D-C8A3-4336-BE1D-044C9F106FFE}.Release|Win32.ActiveCfg = Release|Any CPU
		{04F1C426-2303-4EAA-88A5-20E470D26326}.Debug|Any CPU.ActiveCfg = Debug|Any CPU
		{04F1C426-2303-4EAA-88A5-20E470D26326}.Debug|Any CPU.Build.0 = Debug|Any CPU
		{04F1C426-2303-4EAA-88A5-20E470D26326}.Debug|Mixed Platforms.ActiveCfg = Debug|Any CPU
		{04F1C426-2303-4EAA-88A5-20E470D26326}.Debug|Mixed Platforms.Build.0 = Debug|Any CPU
		{04F1C426-2303-4EAA-88A5-20E470D26326}.Debug|Win32.ActiveCfg = Debug|Any CPU
		{04F1C426-2303-4EAA-88A5-20E470D26326}.Release|Any CPU.ActiveCfg = Release|Any CPU
		{04F1C426-2303-4EAA-88A5-20E470D26326}.Release|Any CPU.Build.0 = Release|Any CPU
		{04F1C426-2303-4EAA-88A5-20E470D26326}.Release|Mixed Platforms.ActiveCfg = Release|Any CPU
		{04F1C426-2303-4EAA-88A5-20E470D26326}.Release|Mixed Platforms.Build.0 = Release|Any CPU
		{04F1C426-2303-4EAA-88A5-20E470D26326}.Release|Win32.ActiveCfg = Release|Any CPU
		{5791A159-E060-4ABD-A287-92CB4A5A5DBF}.Debug|Any CPU.ActiveCfg = Debug|Any CPU
		{5791A159-E060-4ABD-A287-92CB4A5A5DBF}.Debug|Any CPU.Build.0 = Debug|Any CPU
		{5791A159-E060-4ABD-A287-92CB4A5A5DBF}.Debug|Mixed Platforms.ActiveCfg = Debug|Any CPU
		{5791A159-E060-4ABD-A287-92CB4A5A5DBF}.Debug|Mixed Platforms.Build.0 = Debug|Any CPU
		{5791A159-E060-4ABD-A287-92CB4A5A5DBF}.Debug|Win32.ActiveCfg = Debug|Any CPU
		{5791A159-E060-4ABD-A287-92CB4A5A5DBF}.Release|Any CPU.ActiveCfg = Release|Any CPU
		{5791A159-E060-4ABD-A287-92CB4A5A5DBF}.Release|Any CPU.Build.0 = Release|Any CPU
		{5791A159-E060-4ABD-A287-92CB4A5A5DBF}.Release|Mixed Platforms.ActiveCfg = Release|Any CPU
		{5791A159-E060-4ABD-A287-92CB4A5A5DBF}.Release|Mixed Platforms.Build.0 = Release|Any CPU
		{5791A159-E060-4ABD-A287-92CB4A5A5DBF}.Release|Win32.ActiveCfg = Release|Any CPU
		{F3BFD397-66F5-4DE4-A1D0-8888A9AFA956}.Debug|Any CPU.ActiveCfg = Debug|Any CPU
		{F3BFD397-66F5-4DE4-A1D0-8888A9AFA956}.Debug|Any CPU.Build.0 = Debug|Any CPU
		{F3BFD397-66F5-4DE4-A1D0-8888A9AFA956}.Debug|Mixed Platforms.ActiveCfg = Debug|Any CPU
		{F3BFD397-66F5-4DE4-A1D0-8888A9AFA956}.Debug|Mixed Platforms.Build.0 = Debug|Any CPU
		{F3BFD397-66F5-4DE4-A1D0-8888A9AFA956}.Debug|Win32.ActiveCfg = Debug|Any CPU
		{F3BFD397-66F5-4DE4-A1D0-8888A9AFA956}.Release|Any CPU.ActiveCfg = Release|Any CPU
		{F3BFD397-66F5-4DE4-A1D0-8888A9AFA956}.Release|Any CPU.Build.0 = Release|Any CPU
		{F3BFD397-66F5-4DE4-A1D0-8888A9AFA956}.Release|Mixed Platforms.ActiveCfg = Release|Any CPU
		{F3BFD397-66F5-4DE4-A1D0-8888A9AFA956}.Release|Mixed Platforms.Build.0 = Release|Any CPU
		{F3BFD397-66F5-4DE4-A1D0-8888A9AFA956}.Release|Win32.ActiveCfg = Release|Any CPU
		{6F5D50EA-59B6-44C1-B853-E5E4F7F211C4}.Debug|Any CPU.ActiveCfg = Debug|Any CPU
		{6F5D50EA-59B6-44C1-B853-E5E4F7F211C4}.Debug|Any CPU.Build.0 = Debug|Any CPU
		{6F5D50EA-59B6-44C1-B853-E5E4F7F211C4}.Debug|Mixed Platforms.ActiveCfg = Debug|Any CPU
		{6F5D50EA-59B6-44C1-B853-E5E4F7F211C4}.Debug|Mixed Platforms.Build.0 = Debug|Any CPU
		{6F5D50EA-59B6-44C1-B853-E5E4F7F211C4}.Debug|Win32.ActiveCfg = Debug|Any CPU
		{6F5D50EA-59B6-44C1-B853-E5E4F7F211C4}.Release|Any CPU.ActiveCfg = Release|Any CPU
		{6F5D50EA-59B6-44C1-B853-E5E4F7F211C4}.Release|Any CPU.Build.0 = Release|Any CPU
		{6F5D50EA-59B6-44C1-B853-E5E4F7F211C4}.Release|Mixed Platforms.ActiveCfg = Release|Any CPU
		{6F5D50EA-59B6-44C1-B853-E5E4F7F211C4}.Release|Mixed Platforms.Build.0 = Release|Any CPU
		{6F5D50EA-59B6-44C1-B853-E5E4F7F211C4}.Release|Win32.ActiveCfg = Release|Any CPU
		{B29AD5A0-9F82-4D00-82F9-96BBDA3701FD}.Debug|Any CPU.ActiveCfg = Debug|Any CPU
		{B29AD5A0-9F82-4D00-82F9-96BBDA3701FD}.Debug|Any CPU.Build.0 = Debug|Any CPU
		{B29AD5A0-9F82-4D00-82F9-96BBDA3701FD}.Debug|Mixed Platforms.ActiveCfg = Debug|Any CPU
		{B29AD5A0-9F82-4D00-82F9-96BBDA3701FD}.Debug|Mixed Platforms.Build.0 = Debug|Any CPU
		{B29AD5A0-9F82-4D00-82F9-96BBDA3701FD}.Debug|Win32.ActiveCfg = Debug|Any CPU
		{B29AD5A0-9F82-4D00-82F9-96BBDA3701FD}.Release|Any CPU.ActiveCfg = Release|Any CPU
		{B29AD5A0-9F82-4D00-82F9-96BBDA3701FD}.Release|Any CPU.Build.0 = Release|Any CPU
		{B29AD5A0-9F82-4D00-82F9-96BBDA3701FD}.Release|Mixed Platforms.ActiveCfg = Release|Any CPU
		{B29AD5A0-9F82-4D00-82F9-96BBDA3701FD}.Release|Mixed Platforms.Build.0 = Release|Any CPU
		{B29AD5A0-9F82-4D00-82F9-96BBDA3701FD}.Release|Win32.ActiveCfg = Release|Any CPU
		{4A463AE8-120C-4414-A8CD-A066F6370FAC}.Debug|Any CPU.ActiveCfg = Debug|Win32
		{4A463AE8-120C-4414-A8CD-A066F6370FAC}.Debug|Mixed Platforms.ActiveCfg = Debug|Win32
		{4A463AE8-120C-4414-A8CD-A066F6370FAC}.Debug|Mixed Platforms.Build.0 = Debug|Win32
		{4A463AE8-120C-4414-A8CD-A066F6370FAC}.Debug|Win32.ActiveCfg = Debug|Win32
		{4A463AE8-120C-4414-A8CD-A066F6370FAC}.Debug|Win32.Build.0 = Debug|Win32
		{4A463AE8-120C-4414-A8CD-A066F6370FAC}.Release|Any CPU.ActiveCfg = Release|Win32
		{4A463AE8-120C-4414-A8CD-A066F6370FAC}.Release|Mixed Platforms.ActiveCfg = Release|Win32
		{4A463AE8-120C-4414-A8CD-A066F6370FAC}.Release|Mixed Platforms.Build.0 = Release|Win32
		{4A463AE8-120C-4414-A8CD-A066F6370FAC}.Release|Win32.ActiveCfg = Release|Win32
		{4A463AE8-120C-4414-A8CD-A066F6370FAC}.Release|Win32.Build.0 = Release|Win32
		{ACD9A48C-E6E6-4543-8059-7485CDE90DBD}.Debug|Any CPU.ActiveCfg = Debug|Win32
		{ACD9A48C-E6E6-4543-8059-7485CDE90DBD}.Debug|Mixed Platforms.ActiveCfg = Debug|Win32
		{ACD9A48C-E6E6-4543-8059-7485CDE90DBD}.Debug|Mixed Platforms.Build.0 = Debug|Win32
		{ACD9A48C-E6E6-4543-8059-7485CDE90DBD}.Debug|Win32.ActiveCfg = Debug|Win32
		{ACD9A48C-E6E6-4543-8059-7485CDE90DBD}.Debug|Win32.Build.0 = Debug|Win32
		{ACD9A48C-E6E6-4543-8059-7485CDE90DBD}.Release|Any CPU.ActiveCfg = Release|Win32
		{ACD9A48C-E6E6-4543-8059-7485CDE90DBD}.Release|Mixed Platforms.ActiveCfg = Release|Win32
		{ACD9A48C-E6E6-4543-8059-7485CDE90DBD}.Release|Mixed Platforms.Build.0 = Release|Win32
		{ACD9A48C-E6E6-4543-8059-7485CDE90DBD}.Release|Win32.ActiveCfg = Release|Win32
		{ACD9A48C-E6E6-4543-8059-7485CDE90DBD}.Release|Win32.Build.0 = Release|Win32
	EndGlobalSection
	GlobalSection(SolutionProperties) = preSolution
		HideSolutionNode = FALSE
	EndGlobalSection
	GlobalSection(NestedProjects) = preSolution
		{830FDE41-FD84-48BA-AE33-900962168A50} = {743FDD8C-D47E-48FD-BCF8-84F04CF5A9AB}
		{E55945BF-4982-4F0D-8FE8-800A1E8A2C7E} = {743FDD8C-D47E-48FD-BCF8-84F04CF5A9AB}
		{F795EAEF-4067-4905-9F17-ADBE9B9D586C} = {743FDD8C-D47E-48FD-BCF8-84F04CF5A9AB}
		{26DE0473-A226-4442-8A09-A73D0E5156D7} = {743FDD8C-D47E-48FD-BCF8-84F04CF5A9AB}
		{C924412D-6829-4774-B9C2-C8884CC51778} = {743FDD8C-D47E-48FD-BCF8-84F04CF5A9AB}
		{EB4489B9-69E2-4A43-A9EC-AD57AF2C398D} = {743FDD8C-D47E-48FD-BCF8-84F04CF5A9AB}
		{8C94BCA0-A498-4C1E-B66B-17B2E15C0A35} = {743FDD8C-D47E-48FD-BCF8-84F04CF5A9AB}
		{DF9AE595-3CDB-425F-B36C-13477F655F9B} = {EAED6E23-A2E5-44E3-AF1D-17288934403E}
		{1ECA1DA0-9096-4554-B600-0A2AB6E599BE} = {EAED6E23-A2E5-44E3-AF1D-17288934403E}
		{9A6B632A-DF50-4693-8AF3-8441A5AA8C7D} = {EAED6E23-A2E5-44E3-AF1D-17288934403E}
		{FC3D376D-C8A3-4336-BE1D-044C9F106FFE} = {A638F4C8-86DB-4CB9-96AE-E35A61A8C45A}
		{04F1C426-2303-4EAA-88A5-20E470D26326} = {A638F4C8-86DB-4CB9-96AE-E35A61A8C45A}
		{5791A159-E060-4ABD-A287-92CB4A5A5DBF} = {A638F4C8-86DB-4CB9-96AE-E35A61A8C45A}
		{F3BFD397-66F5-4DE4-A1D0-8888A9AFA956} = {743FDD8C-D47E-48FD-BCF8-84F04CF5A9AB}
		{6F5D50EA-59B6-44C1-B853-E5E4F7F211C4} = {743FDD8C-D47E-48FD-BCF8-84F04CF5A9AB}
		{B29AD5A0-9F82-4D00-82F9-96BBDA3701FD} = {743FDD8C-D47E-48FD-BCF8-84F04CF5A9AB}
		{4A463AE8-120C-4414-A8CD-A066F6370FAC} = {5211D3A0-EC45-4873-B851-B071124000CE}
		{ACD9A48C-E6E6-4543-8059-7485CDE90DBD} = {5211D3A0-EC45-4873-B851-B071124000CE}
	EndGlobalSection
EndGlobal
