
Microsoft Visual Studio Solution File, Format Version 12.00
# Visual Studio 2013
VisualStudioVersion = 12.0.31101.0
MinimumVisualStudioVersion = 10.0.40219.1
Project("{FAE04EC0-301F-11D3-BF4B-00C04F79EFBC}") = "RandomPassGen", "RandomPassGen\RandomPassGen.csproj", "{830FDE41-FD84-48BA-AE33-900962168A50}"
EndProject
Project("{FAE04EC0-301F-11D3-BF4B-00C04F79EFBC}") = "30digitsOfPi", "30digitsOfPi\30digitsOfPi.csproj", "{E55945BF-4982-4F0D-8FE8-800A1E8A2C7E}"
EndProject
Project("{FAE04EC0-301F-11D3-BF4B-00C04F79EFBC}") = "BlockReverse", "BlockReverse\BlockReverse.csproj", "{F795EAEF-4067-4905-9F17-ADBE9B9D586C}"
EndProject
Project("{FAE04EC0-301F-11D3-BF4B-00C04F79EFBC}") = "SameDigits", "SameDigits\SameDigits.csproj", "{26DE0473-A226-4442-8A09-A73D0E5156D7}"
EndProject
Project("{FAE04EC0-301F-11D3-BF4B-00C04F79EFBC}") = "GuessLettersGame", "GuessLettersGame\GuessLettersGame.csproj", "{C924412D-6829-4774-B9C2-C8884CC51778}"
EndProject
Project("{FAE04EC0-301F-11D3-BF4B-00C04F79EFBC}") = "Disemvoweler", "Disemvoweler\Disemvoweler.csproj", "{EB4489B9-69E2-4A43-A9EC-AD57AF2C398D}"
EndProject
Project("{FAE04EC0-301F-11D3-BF4B-00C04F79EFBC}") = "AvatarGenerator", "AvatarGenerator\AvatarGenerator.csproj", "{8C94BCA0-A498-4C1E-B66B-17B2E15C0A35}"
EndProject
Project("{FAE04EC0-301F-11D3-BF4B-00C04F79EFBC}") = "EulerProblem1", "EulerProblem1\EulerProblem1.csproj", "{DF9AE595-3CDB-425F-B36C-13477F655F9B}"
EndProject
Project("{FAE04EC0-301F-11D3-BF4B-00C04F79EFBC}") = "EulerProblem2", "EulerProblem2\EulerProblem2.csproj", "{1ECA1DA0-9096-4554-B600-0A2AB6E599BE}"
EndProject
Project("{FAE04EC0-301F-11D3-BF4B-00C04F79EFBC}") = "EulerProblem3", "EulerProblem3\EulerProblem3.csproj", "{9A6B632A-DF50-4693-8AF3-8441A5AA8C7D}"
EndProject
Project("{FAE04EC0-301F-11D3-BF4B-00C04F79EFBC}") = "NeumannRandNumGen", "NeumannRandNumGen\NeumannRandNumGen.csproj", "{FC3D376D-C8A3-4336-BE1D-044C9F106FFE}"
EndProject
Global
	GlobalSection(SolutionConfigurationPlatforms) = preSolution
		Debug|Any CPU = Debug|Any CPU
		Release|Any CPU = Release|Any CPU
	EndGlobalSection
	GlobalSection(ProjectConfigurationPlatforms) = postSolution
		{830FDE41-FD84-48BA-AE33-900962168A50}.Debug|Any CPU.ActiveCfg = Debug|Any CPU
		{830FDE41-FD84-48BA-AE33-900962168A50}.Debug|Any CPU.Build.0 = Debug|Any CPU
		{830FDE41-FD84-48BA-AE33-900962168A50}.Release|Any CPU.ActiveCfg = Release|Any CPU
		{830FDE41-FD84-48BA-AE33-900962168A50}.Release|Any CPU.Build.0 = Release|Any CPU
		{E55945BF-4982-4F0D-8FE8-800A1E8A2C7E}.Debug|Any CPU.ActiveCfg = Debug|Any CPU
		{E55945BF-4982-4F0D-8FE8-800A1E8A2C7E}.Debug|Any CPU.Build.0 = Debug|Any CPU
		{E55945BF-4982-4F0D-8FE8-800A1E8A2C7E}.Release|Any CPU.ActiveCfg = Release|Any CPU
		{E55945BF-4982-4F0D-8FE8-800A1E8A2C7E}.Release|Any CPU.Build.0 = Release|Any CPU
		{F795EAEF-4067-4905-9F17-ADBE9B9D586C}.Debug|Any CPU.ActiveCfg = Debug|Any CPU
		{F795EAEF-4067-4905-9F17-ADBE9B9D586C}.Debug|Any CPU.Build.0 = Debug|Any CPU
		{F795EAEF-4067-4905-9F17-ADBE9B9D586C}.Release|Any CPU.ActiveCfg = Release|Any CPU
		{F795EAEF-4067-4905-9F17-ADBE9B9D586C}.Release|Any CPU.Build.0 = Release|Any CPU
		{26DE0473-A226-4442-8A09-A73D0E5156D7}.Debug|Any CPU.ActiveCfg = Debug|Any CPU
		{26DE0473-A226-4442-8A09-A73D0E5156D7}.Debug|Any CPU.Build.0 = Debug|Any CPU
		{26DE0473-A226-4442-8A09-A73D0E5156D7}.Release|Any CPU.ActiveCfg = Release|Any CPU
		{26DE0473-A226-4442-8A09-A73D0E5156D7}.Release|Any CPU.Build.0 = Release|Any CPU
		{C924412D-6829-4774-B9C2-C8884CC51778}.Debug|Any CPU.ActiveCfg = Debug|Any CPU
		{C924412D-6829-4774-B9C2-C8884CC51778}.Debug|Any CPU.Build.0 = Debug|Any CPU
		{C924412D-6829-4774-B9C2-C8884CC51778}.Release|Any CPU.ActiveCfg = Release|Any CPU
		{C924412D-6829-4774-B9C2-C8884CC51778}.Release|Any CPU.Build.0 = Release|Any CPU
		{EB4489B9-69E2-4A43-A9EC-AD57AF2C398D}.Debug|Any CPU.ActiveCfg = Debug|Any CPU
		{EB4489B9-69E2-4A43-A9EC-AD57AF2C398D}.Debug|Any CPU.Build.0 = Debug|Any CPU
		{EB4489B9-69E2-4A43-A9EC-AD57AF2C398D}.Release|Any CPU.ActiveCfg = Release|Any CPU
		{EB4489B9-69E2-4A43-A9EC-AD57AF2C398D}.Release|Any CPU.Build.0 = Release|Any CPU
		{8C94BCA0-A498-4C1E-B66B-17B2E15C0A35}.Debug|Any CPU.ActiveCfg = Debug|Any CPU
		{8C94BCA0-A498-4C1E-B66B-17B2E15C0A35}.Debug|Any CPU.Build.0 = Debug|Any CPU
		{8C94BCA0-A498-4C1E-B66B-17B2E15C0A35}.Release|Any CPU.ActiveCfg = Release|Any CPU
		{8C94BCA0-A498-4C1E-B66B-17B2E15C0A35}.Release|Any CPU.Build.0 = Release|Any CPU
		{DF9AE595-3CDB-425F-B36C-13477F655F9B}.Debug|Any CPU.ActiveCfg = Debug|Any CPU
		{DF9AE595-3CDB-425F-B36C-13477F655F9B}.Debug|Any CPU.Build.0 = Debug|Any CPU
		{DF9AE595-3CDB-425F-B36C-13477F655F9B}.Release|Any CPU.ActiveCfg = Release|Any CPU
		{DF9AE595-3CDB-425F-B36C-13477F655F9B}.Release|Any CPU.Build.0 = Release|Any CPU
		{1ECA1DA0-9096-4554-B600-0A2AB6E599BE}.Debug|Any CPU.ActiveCfg = Debug|Any CPU
		{1ECA1DA0-9096-4554-B600-0A2AB6E599BE}.Debug|Any CPU.Build.0 = Debug|Any CPU
		{1ECA1DA0-9096-4554-B600-0A2AB6E599BE}.Release|Any CPU.ActiveCfg = Release|Any CPU
		{1ECA1DA0-9096-4554-B600-0A2AB6E599BE}.Release|Any CPU.Build.0 = Release|Any CPU
		{9A6B632A-DF50-4693-8AF3-8441A5AA8C7D}.Debug|Any CPU.ActiveCfg = Debug|Any CPU
		{9A6B632A-DF50-4693-8AF3-8441A5AA8C7D}.Debug|Any CPU.Build.0 = Debug|Any CPU
		{9A6B632A-DF50-4693-8AF3-8441A5AA8C7D}.Release|Any CPU.ActiveCfg = Release|Any CPU
		{9A6B632A-DF50-4693-8AF3-8441A5AA8C7D}.Release|Any CPU.Build.0 = Release|Any CPU
		{FC3D376D-C8A3-4336-BE1D-044C9F106FFE}.Debug|Any CPU.ActiveCfg = Debug|Any CPU
		{FC3D376D-C8A3-4336-BE1D-044C9F106FFE}.Debug|Any CPU.Build.0 = Debug|Any CPU
		{FC3D376D-C8A3-4336-BE1D-044C9F106FFE}.Release|Any CPU.ActiveCfg = Release|Any CPU
		{FC3D376D-C8A3-4336-BE1D-044C9F106FFE}.Release|Any CPU.Build.0 = Release|Any CPU
	EndGlobalSection
	GlobalSection(SolutionProperties) = preSolution
		HideSolutionNode = FALSE
	EndGlobalSection
EndGlobal
